
Microsoft Visual Studio Solution File, Format Version 12.00
# Visual Studio Version 16
VisualStudioVersion = 16.0.30114.105
MinimumVisualStudioVersion = 10.0.40219.1
Project("{FAE04EC0-301F-11D3-BF4B-00C04F79EFBC}") = "MVC.Tests", "MVC.Tests\MVC.Tests.csproj", "{AD2E20F1-D2BE-40FA-91AB-4ABA007BC717}"
EndProject
Project("{FAE04EC0-301F-11D3-BF4B-00C04F79EFBC}") = "Assignment_mvc_2", "Assignment_mvc_3\Assignment_mvc_2.csproj", "{8AF16668-E62F-46B9-905E-017A443F5F34}"
EndProject
Global
	GlobalSection(SolutionConfigurationPlatforms) = preSolution
		Debug|Any CPU = Debug|Any CPU
		Release|Any CPU = Release|Any CPU
	EndGlobalSection
	GlobalSection(SolutionProperties) = preSolution
		HideSolutionNode = FALSE
	EndGlobalSection
	GlobalSection(ProjectConfigurationPlatforms) = postSolution
		{AD2E20F1-D2BE-40FA-91AB-4ABA007BC717}.Debug|Any CPU.ActiveCfg = Debug|Any CPU
		{AD2E20F1-D2BE-40FA-91AB-4ABA007BC717}.Debug|Any CPU.Build.0 = Debug|Any CPU
		{AD2E20F1-D2BE-40FA-91AB-4ABA007BC717}.Release|Any CPU.ActiveCfg = Release|Any CPU
		{AD2E20F1-D2BE-40FA-91AB-4ABA007BC717}.Release|Any CPU.Build.0 = Release|Any CPU
		{8AF16668-E62F-46B9-905E-017A443F5F34}.Debug|Any CPU.ActiveCfg = Debug|Any CPU
		{8AF16668-E62F-46B9-905E-017A443F5F34}.Debug|Any CPU.Build.0 = Debug|Any CPU
		{8AF16668-E62F-46B9-905E-017A443F5F34}.Release|Any CPU.ActiveCfg = Release|Any CPU
		{8AF16668-E62F-46B9-905E-017A443F5F34}.Release|Any CPU.Build.0 = Release|Any CPU
	EndGlobalSection
EndGlobal
